{
  "name": "@blamejs/example-wiki",
  "version": "0.1.0",
  "lockfileVersion": 3,
  "requires": true,
  "packages": {
    "": {
      "name": "@blamejs/example-wiki",
      "version": "0.1.0",
      "license": "Apache-2.0",
      "dependencies": {
        "@blamejs/core": "file:../.."
      },
      "engines": {
        "node": ">=24.21.0"
      }
    },
    "../..": {
      "name": "@blamejs/core",
      "version": "0.20.0",
      "license": "Apache-2.0",
      "bin": {
        "blamejs": "bin/blamejs.js"
      },
      "devDependencies": {
        "esbuild": "0.28.2",
        "postject": "1.0.0-alpha.6"
      },
      "engines": {
        "node": ">=24.21.0"
      }
    },
    "node_modules/@blamejs/core": {
      "resolved": "../..",
      "link": true
    }
  }
}
